// !$*UTF8*$!
{
	archiveVersion = 1;
	classes = {
	};
	objectVersion = 51;
	objects = {

/* Begin PBXAggregateTarget section */
		8354F87615FF8219005E7B17 /* Versioning */ = {
			isa = PBXAggregateTarget;
			buildConfigurationList = 8354F87915FF8226005E7B17 /* Build configuration list for PBXAggregateTarget "Versioning" */;
			buildPhases = (
				8354F87515FF8219005E7B17 /* ShellScript */,
			);
			dependencies = (
			);
			name = Versioning;
			productName = Versioning;
		};
/* End PBXAggregateTarget section */

/* Begin PBXBuildFile section */
		8390B9BA180ED83C005D4C86 /* 3DxClientConnection.m in Sources */ = {isa = PBXBuildFile; fileRef = 8390B9B0180ED83C005D4C86 /* 3DxClientConnection.m */; };
		8390B9BB180ED83C005D4C86 /* 3DxEventData.m in Sources */ = {isa = PBXBuildFile; fileRef = 8390B9B2180ED83C005D4C86 /* 3DxEventData.m */; };
		8390B9BC180ED83C005D4C86 /* main.m in Sources */ = {isa = PBXBuildFile; fileRef = 8390B9B4180ED83C005D4C86 /* main.m */; };
		8390B9BD180ED83C005D4C86 /* SNAxisDemoAppDelegate.m in Sources */ = {isa = PBXBuildFile; fileRef = 8390B9B6180ED83C005D4C86 /* SNAxisDemoAppDelegate.m */; };
		8390B9CE180ED87D005D4C86 /* MainMenu.xib in Resources */ = {isa = PBXBuildFile; fileRef = 8390B9CA180ED87D005D4C86 /* MainMenu.xib */; };
		8390B9D1180ED887005D4C86 /* 3DxSNAxisIcon.icns in Resources */ = {isa = PBXBuildFile; fileRef = 8390B9D0180ED887005D4C86 /* 3DxSNAxisIcon.icns */; };
		8390B9D4180ED8D7005D4C86 /* InfoPlist.strings in Resources */ = {isa = PBXBuildFile; fileRef = 8390B9D2180ED8D7005D4C86 /* InfoPlist.strings */; };
		83C553D916AD408300F1DB9A /* 3DconnexionClient.framework in Frameworks */ = {isa = PBXBuildFile; fileRef = 83C553D716AD406F00F1DB9A /* 3DconnexionClient.framework */; };
		83D9E3261601D97C00F8214B /* Cocoa.framework in Frameworks */ = {isa = PBXBuildFile; fileRef = 1058C7A1FEA54F0111CA2CBB /* Cocoa.framework */; };
/* End PBXBuildFile section */

/* Begin PBXContainerItemProxy section */
		83D9E31C1601D97C00F8214B /* PBXContainerItemProxy */ = {
			isa = PBXContainerItemProxy;
			containerPortal = 29B97313FDCFA39411CA2CEA /* Project object */;
			proxyType = 1;
			remoteGlobalIDString = 8354F87615FF8219005E7B17;
			remoteInfo = Versioning;
		};
/* End PBXContainerItemProxy section */

/* Begin PBXFileReference section */
		1058C7A1FEA54F0111CA2CBB /* Cocoa.framework */ = {isa = PBXFileReference; lastKnownFileType = wrapper.framework; name = Cocoa.framework; path = /System/Library/Frameworks/Cocoa.framework; sourceTree = "<absolute>"; };
		13E42FB307B3F0F600E4EEF1 /* CoreData.framework */ = {isa = PBXFileReference; lastKnownFileType = wrapper.framework; name = CoreData.framework; path = /System/Library/Frameworks/CoreData.framework; sourceTree = "<absolute>"; };
		29B97324FDCFA39411CA2CEA /* AppKit.framework */ = {isa = PBXFileReference; lastKnownFileType = wrapper.framework; name = AppKit.framework; path = /System/Library/Frameworks/AppKit.framework; sourceTree = "<absolute>"; };
		29B97325FDCFA39411CA2CEA /* Foundation.framework */ = {isa = PBXFileReference; lastKnownFileType = wrapper.framework; name = Foundation.framework; path = /System/Library/Frameworks/Foundation.framework; sourceTree = "<absolute>"; };
		8358DFE31FED46AE005CD7BA /* Default.xcconfig */ = {isa = PBXFileReference; fileEncoding = 4; lastKnownFileType = text.xcconfig; path = Default.xcconfig; sourceTree = "<group>"; };
		8390B9AE180ED82D005D4C86 /* version.h */ = {isa = PBXFileReference; fileEncoding = 4; lastKnownFileType = sourcecode.c.h; name = version.h; path = ../src/version.h; sourceTree = "<group>"; };
		8390B9AF180ED83C005D4C86 /* 3DxClientConnection.h */ = {isa = PBXFileReference; fileEncoding = 4; lastKnownFileType = sourcecode.c.h; name = 3DxClientConnection.h; path = ../src/3DxClientConnection.h; sourceTree = "<group>"; };
		8390B9B0180ED83C005D4C86 /* 3DxClientConnection.m */ = {isa = PBXFileReference; fileEncoding = 4; lastKnownFileType = sourcecode.c.objc; name = 3DxClientConnection.m; path = ../src/3DxClientConnection.m; sourceTree = "<group>"; };
		8390B9B1180ED83C005D4C86 /* 3DxEventData.h */ = {isa = PBXFileReference; fileEncoding = 4; lastKnownFileType = sourcecode.c.h; name = 3DxEventData.h; path = ../src/3DxEventData.h; sourceTree = "<group>"; };
		8390B9B2180ED83C005D4C86 /* 3DxEventData.m */ = {isa = PBXFileReference; fileEncoding = 4; lastKnownFileType = sourcecode.c.objc; name = 3DxEventData.m; path = ../src/3DxEventData.m; sourceTree = "<group>"; };
		8390B9B3180ED83C005D4C86 /* 3DxSNAxisDemo_Prefix.pch */ = {isa = PBXFileReference; fileEncoding = 4; lastKnownFileType = sourcecode.c.h; name = 3DxSNAxisDemo_Prefix.pch; path = ../src/3DxSNAxisDemo_Prefix.pch; sourceTree = "<group>"; };
		8390B9B4180ED83C005D4C86 /* main.m */ = {isa = PBXFileReference; fileEncoding = 4; lastKnownFileType = sourcecode.c.objc; name = main.m; path = ../src/main.m; sourceTree = "<group>"; };
		8390B9B5180ED83C005D4C86 /* SNAxisDemoAppDelegate.h */ = {isa = PBXFileReference; fileEncoding = 4; lastKnownFileType = sourcecode.c.h; name = SNAxisDemoAppDelegate.h; path = ../src/SNAxisDemoAppDelegate.h; sourceTree = "<group>"; };
		8390B9B6180ED83C005D4C86 /* SNAxisDemoAppDelegate.m */ = {isa = PBXFileReference; fileEncoding = 4; lastKnownFileType = sourcecode.c.objc; name = SNAxisDemoAppDelegate.m; path = ../src/SNAxisDemoAppDelegate.m; sourceTree = "<group>"; };
		8390B9C1180ED865005D4C86 /* 3dxsnaxisdemo.sh */ = {isa = PBXFileReference; fileEncoding = 4; lastKnownFileType = text.script.sh; path = 3dxsnaxisdemo.sh; sourceTree = "<group>"; };
		8390B9C2180ED865005D4C86 /* build.sh */ = {isa = PBXFileReference; fileEncoding = 4; lastKnownFileType = text.script.sh; path = build.sh; sourceTree = "<group>"; };
		8390B9C3180ED865005D4C86 /* setenv.sh */ = {isa = PBXFileReference; fileEncoding = 4; lastKnownFileType = text.script.sh; path = setenv.sh; sourceTree = "<group>"; };
		8390B9D0180ED887005D4C86 /* 3DxSNAxisIcon.icns */ = {isa = PBXFileReference; lastKnownFileType = image.icns; name = 3DxSNAxisIcon.icns; path = ../rsrc/3DxSNAxisIcon.icns; sourceTree = "<group>"; };
		8390B9D3180ED8D7005D4C86 /* English */ = {isa = PBXFileReference; lastKnownFileType = text.plist.strings; name = English; path = ../rsrc/English.lproj/InfoPlist.strings; sourceTree = "<group>"; };
		8390B9D7180EDBC7005D4C86 /* 3DxSNAxisDemo-Info.plist */ = {isa = PBXFileReference; fileEncoding = 4; lastKnownFileType = text.plist.xml; name = "3DxSNAxisDemo-Info.plist"; path = "../rsrc/3DxSNAxisDemo-Info.plist"; sourceTree = "<group>"; };
		83C553D716AD406F00F1DB9A /* 3DconnexionClient.framework */ = {isa = PBXFileReference; lastKnownFileType = wrapper.framework; name = 3DconnexionClient.framework; path = /Library/Frameworks/3DconnexionClient.framework; sourceTree = "<absolute>"; };
		83CA394A21E7662C00CD4D42 /* Base */ = {isa = PBXFileReference; lastKnownFileType = file.xib; name = Base; path = ../Base.lproj/MainMenu.xib; sourceTree = "<group>"; };
		83D9E32B1601D97C00F8214B /* 3DxSNAxisDemo.app */ = {isa = PBXFileReference; explicitFileType = wrapper.application; includeInIndex = 0; path = 3DxSNAxisDemo.app; sourceTree = BUILT_PRODUCTS_DIR; };
/* End PBXFileReference section */

/* Begin PBXFrameworksBuildPhase section */
		83D9E3251601D97C00F8214B /* Frameworks */ = {
			isa = PBXFrameworksBuildPhase;
			buildActionMask = 2147483647;
			files = (
				83C553D916AD408300F1DB9A /* 3DconnexionClient.framework in Frameworks */,
				83D9E3261601D97C00F8214B /* Cocoa.framework in Frameworks */,
			);
			runOnlyForDeploymentPostprocessing = 0;
		};
/* End PBXFrameworksBuildPhase section */

/* Begin PBXGroup section */
		080E96DDFE201D6D7F000001 /* Classes */ = {
			isa = PBXGroup;
			children = (
				8390B9AF180ED83C005D4C86 /* 3DxClientConnection.h */,
				8390B9B0180ED83C005D4C86 /* 3DxClientConnection.m */,
				8390B9B1180ED83C005D4C86 /* 3DxEventData.h */,
				8390B9B2180ED83C005D4C86 /* 3DxEventData.m */,
				8390B9B5180ED83C005D4C86 /* SNAxisDemoAppDelegate.h */,
				8390B9B6180ED83C005D4C86 /* SNAxisDemoAppDelegate.m */,
			);
			name = Classes;
			sourceTree = "<group>";
		};
		1058C7A0FEA54F0111CA2CBB /* Linked Frameworks */ = {
			isa = PBXGroup;
			children = (
				1058C7A1FEA54F0111CA2CBB /* Cocoa.framework */,
			);
			name = "Linked Frameworks";
			sourceTree = "<group>";
		};
		1058C7A2FEA54F0111CA2CBB /* Other Frameworks */ = {
			isa = PBXGroup;
			children = (
				29B97324FDCFA39411CA2CEA /* AppKit.framework */,
				13E42FB307B3F0F600E4EEF1 /* CoreData.framework */,
				29B97325FDCFA39411CA2CEA /* Foundation.framework */,
			);
			name = "Other Frameworks";
			sourceTree = "<group>";
		};
		19C28FACFE9D520D11CA2CBB /* Products */ = {
			isa = PBXGroup;
			children = (
				83D9E32B1601D97C00F8214B /* 3DxSNAxisDemo.app */,
			);
			name = Products;
			sourceTree = "<group>";
		};
		29B97314FDCFA39411CA2CEA /* TdxXCodeTemplate */ = {
			isa = PBXGroup;
			children = (
				8358DFE31FED46AE005CD7BA /* Default.xcconfig */,
				8390B9AE180ED82D005D4C86 /* version.h */,
				080E96DDFE201D6D7F000001 /* Classes */,
				29B97315FDCFA39411CA2CEA /* Other Sources */,
				29B97317FDCFA39411CA2CEA /* Resources */,
				8390B9C0180ED865005D4C86 /* build */,
				29B97323FDCFA39411CA2CEA /* Frameworks */,
				19C28FACFE9D520D11CA2CBB /* Products */,
			);
			name = TdxXCodeTemplate;
			sourceTree = "<group>";
		};
		29B97315FDCFA39411CA2CEA /* Other Sources */ = {
			isa = PBXGroup;
			children = (
				8390B9B3180ED83C005D4C86 /* 3DxSNAxisDemo_Prefix.pch */,
				8390B9B4180ED83C005D4C86 /* main.m */,
			);
			name = "Other Sources";
			sourceTree = "<group>";
		};
		29B97317FDCFA39411CA2CEA /* Resources */ = {
			isa = PBXGroup;
			children = (
				8390B9D7180EDBC7005D4C86 /* 3DxSNAxisDemo-Info.plist */,
				8390B9D2180ED8D7005D4C86 /* InfoPlist.strings */,
				8390B9D0180ED887005D4C86 /* 3DxSNAxisIcon.icns */,
				8390B9CA180ED87D005D4C86 /* MainMenu.xib */,
			);
			name = Resources;
			sourceTree = "<group>";
		};
		29B97323FDCFA39411CA2CEA /* Frameworks */ = {
			isa = PBXGroup;
			children = (
				83C553D716AD406F00F1DB9A /* 3DconnexionClient.framework */,
				1058C7A0FEA54F0111CA2CBB /* Linked Frameworks */,
				1058C7A2FEA54F0111CA2CBB /* Other Frameworks */,
			);
			name = Frameworks;
			sourceTree = "<group>";
		};
		8390B9C0180ED865005D4C86 /* build */ = {
			isa = PBXGroup;
			children = (
				8390B9C1180ED865005D4C86 /* 3dxsnaxisdemo.sh */,
				8390B9C2180ED865005D4C86 /* build.sh */,
				8390B9C3180ED865005D4C86 /* setenv.sh */,
			);
			name = build;
			path = ../build;
			sourceTree = "<group>";
		};
/* End PBXGroup section */

/* Begin PBXNativeTarget section */
		83D9E31A1601D97C00F8214B /* 3DxSNAxisDemo */ = {
			isa = PBXNativeTarget;
			buildConfigurationList = 83D9E3281601D97C00F8214B /* Build configuration list for PBXNativeTarget "3DxSNAxisDemo" */;
			buildPhases = (
				83D9E31D1601D97C00F8214B /* Resources */,
				83D9E3211601D97C00F8214B /* Sources */,
				83D9E3251601D97C00F8214B /* Frameworks */,
			);
			buildRules = (
			);
			dependencies = (
				83D9E31B1601D97C00F8214B /* PBXTargetDependency */,
			);
			name = 3DxSNAxisDemo;
			productInstallPath = "$(HOME)/Applications";
			productName = TdxXCodeTemplate;
			productReference = 83D9E32B1601D97C00F8214B /* 3DxSNAxisDemo.app */;
			productType = "com.apple.product-type.application";
		};
/* End PBXNativeTarget section */

/* Begin PBXProject section */
		29B97313FDCFA39411CA2CEA /* Project object */ = {
			isa = PBXProject;
			attributes = {
				LastUpgradeCheck = 1010;
			};
			buildConfigurationList = C01FCF4E08A954540054247B /* Build configuration list for PBXProject "3DxSNAxisDemo" */;
			compatibilityVersion = "Xcode 10.0";
			developmentRegion = English;
			hasScannedForEncodings = 1;
			knownRegions = (
				English,
				Japanese,
				French,
				German,
				Base,
			);
			mainGroup = 29B97314FDCFA39411CA2CEA /* TdxXCodeTemplate */;
			projectDirPath = "";
			projectRoot = "";
			targets = (
				83D9E31A1601D97C00F8214B /* 3DxSNAxisDemo */,
				8354F87615FF8219005E7B17 /* Versioning */,
			);
		};
/* End PBXProject section */

/* Begin PBXResourcesBuildPhase section */
		83D9E31D1601D97C00F8214B /* Resources */ = {
			isa = PBXResourcesBuildPhase;
			buildActionMask = 2147483647;
			files = (
				8390B9CE180ED87D005D4C86 /* MainMenu.xib in Resources */,
				8390B9D1180ED887005D4C86 /* 3DxSNAxisIcon.icns in Resources */,
				8390B9D4180ED8D7005D4C86 /* InfoPlist.strings in Resources */,
			);
			runOnlyForDeploymentPostprocessing = 0;
		};
/* End PBXResourcesBuildPhase section */

/* Begin PBXShellScriptBuildPhase section */
		8354F87515FF8219005E7B17 /* ShellScript */ = {
			isa = PBXShellScriptBuildPhase;
			buildActionMask = 2147483647;
			files = (
			);
			inputPaths = (
			);
			outputPaths = (
			);
			runOnlyForDeploymentPostprocessing = 0;
			shellPath = /bin/sh;
			shellScript = "# shell script goes here\nset -x\nCURRENTYEAR=`date +%Y`\nVERSIONHEADER=\"$PROJECT_DIR/../src/version.h\"\n#PLISTFILE=\"$PROJECT_DIR/\"\nBASEDIR=\"$PROJECT_DIR/..\"\n\nif [ -z ${BUILD_NUMBER+1} ];\nthen\n  echo 'Warning: $BUILD_NUMBER not set.'\n  BUILD_NUMBER=0\nfi\n\nMAJORVER=`grep \"#define VERSION_MAJOR\" \"$VERSIONHEADER\" | sed -e 's/\\/.*//g' -e 's/[^0-9]//g'`\nMINORVER=`grep \"#define VERSION_MINOR\" \"$VERSIONHEADER\" | sed -e 's/\\/.*//g' -e 's/[^0-9]//g'`\nMICROVER=`grep \"#define VERSION_MICRO\" \"$VERSIONHEADER\" | sed -e 's/\\/.*//g' -e 's/[^0-9]//g'`\n\nSTRINGVERSION=\"\\\"$MAJORVER\".\"$MINORVER\".\"$MICROVER\\\"\"\n\n#sed '/#define PLUGIN_VERSION_STRMAC/ c\\\n#define PLUGIN_VERSION_STR    '$STRINGVERSION'\n#' $VERSIONHEADER   > $VERSIONHEADER.tmp\n#mv $VERSIONHEADER.tmp $VERSIONHEADER\n\necho Version without GIT id will be: $MAJORVER.$MINORVER.$MICROVER\necho Version with GIT id will be: $MAJORVER.$MINORVER.$MICROVER.$BUILD_NUMBER\n\necho \"#define VERSION $MAJORVER.$MINORVER.$MICROVER\" > \"$PROJECT_DIR/InfoPlist.h\"\necho \"#define VERSIONWITHREV $MAJORVER.$MINORVER.$MICROVER.$BUILD_NUMBER\" >> \"$PROJECT_DIR/InfoPlist.h\"\necho \"#define CURRENTYEAR $CURRENTYEAR\" >> \"$PROJECT_DIR/InfoPlist.h\"\n\nexit 0\n";
		};
/* End PBXShellScriptBuildPhase section */

/* Begin PBXSourcesBuildPhase section */
		83D9E3211601D97C00F8214B /* Sources */ = {
			isa = PBXSourcesBuildPhase;
			buildActionMask = 2147483647;
			files = (
				8390B9BA180ED83C005D4C86 /* 3DxClientConnection.m in Sources */,
				8390B9BB180ED83C005D4C86 /* 3DxEventData.m in Sources */,
				8390B9BC180ED83C005D4C86 /* main.m in Sources */,
				8390B9BD180ED83C005D4C86 /* SNAxisDemoAppDelegate.m in Sources */,
			);
			runOnlyForDeploymentPostprocessing = 0;
		};
/* End PBXSourcesBuildPhase section */

/* Begin PBXTargetDependency section */
		83D9E31B1601D97C00F8214B /* PBXTargetDependency */ = {
			isa = PBXTargetDependency;
			target = 8354F87615FF8219005E7B17 /* Versioning */;
			targetProxy = 83D9E31C1601D97C00F8214B /* PBXContainerItemProxy */;
		};
/* End PBXTargetDependency section */

/* Begin PBXVariantGroup section */
		8390B9CA180ED87D005D4C86 /* MainMenu.xib */ = {
			isa = PBXVariantGroup;
			children = (
				83CA394A21E7662C00CD4D42 /* Base */,
			);
			name = MainMenu.xib;
			path = ../rsrc/English.lproj;
			sourceTree = "<group>";
		};
		8390B9D2180ED8D7005D4C86 /* InfoPlist.strings */ = {
			isa = PBXVariantGroup;
			children = (
				8390B9D3180ED8D7005D4C86 /* English */,
			);
			name = InfoPlist.strings;
			sourceTree = "<group>";
		};
/* End PBXVariantGroup section */

/* Begin XCBuildConfiguration section */
		8354F87715FF8219005E7B17 /* Debug */ = {
			isa = XCBuildConfiguration;
			buildSettings = {
				CLANG_ENABLE_OBJC_WEAK = YES;
				COMBINE_HIDPI_IMAGES = YES;
				COPY_PHASE_STRIP = NO;
				GCC_DYNAMIC_NO_PIC = NO;
				GCC_OPTIMIZATION_LEVEL = 0;
				GCC_VERSION = "$(inherited)";
				PRODUCT_NAME = Versioning;
				SDKROOT = "$(inherited)";
			};
			name = Debug;
		};
		8354F87815FF8219005E7B17 /* Release */ = {
			isa = XCBuildConfiguration;
			buildSettings = {
				CLANG_ENABLE_OBJC_WEAK = YES;
				COMBINE_HIDPI_IMAGES = YES;
				COPY_PHASE_STRIP = YES;
				DEBUG_INFORMATION_FORMAT = "dwarf-with-dsym";
				GCC_VERSION = "$(inherited)";
				PRODUCT_NAME = Versioning;
				SDKROOT = "$(inherited)";
				ZERO_LINK = NO;
			};
			name = Release;
		};
		83D9E3291601D97C00F8214B /* Debug */ = {
			isa = XCBuildConfiguration;
			buildSettings = {
				ALWAYS_SEARCH_USER_PATHS = NO;
				CLANG_ENABLE_OBJC_WEAK = YES;
				COMBINE_HIDPI_IMAGES = YES;
				COPY_PHASE_STRIP = NO;
				FRAMEWORK_SEARCH_PATHS = "$(inherited)";
				GCC_DYNAMIC_NO_PIC = NO;
				GCC_MODEL_TUNING = G5;
				GCC_OPTIMIZATION_LEVEL = 0;
				GCC_PRECOMPILE_PREFIX_HEADER = YES;
				GCC_PREFIX_HEADER = ../src/3DxSNAxisDemo_Prefix.pch;
				GCC_VERSION = "$(inhertied)";
				INFOPLIST_FILE = "../rsrc/3DxSNAxisDemo-Info.plist";
				INSTALL_PATH = "$(HOME)/Applications";
				OTHER_LDFLAGS = (
					"-weak_framework",
					3DConnexionClient,
				);
				PRODUCT_BUNDLE_IDENTIFIER = com.3dconnexion.3DxSNAxisDemo;
				PRODUCT_NAME = 3DxSNAxisDemo;
				SDKROOT = "$(inherited)";
			};
			name = Debug;
		};
		83D9E32A1601D97C00F8214B /* Release */ = {
			isa = XCBuildConfiguration;
			buildSettings = {
				ALWAYS_SEARCH_USER_PATHS = NO;
				CLANG_ENABLE_OBJC_WEAK = YES;
				COMBINE_HIDPI_IMAGES = YES;
				DEBUG_INFORMATION_FORMAT = "dwarf-with-dsym";
				FRAMEWORK_SEARCH_PATHS = "$(inherited)";
				GCC_MODEL_TUNING = G5;
				GCC_PRECOMPILE_PREFIX_HEADER = YES;
				GCC_PREFIX_HEADER = ../src/3DxSNAxisDemo_Prefix.pch;
				GCC_VERSION = "$(inhertied)";
				INFOPLIST_FILE = "../rsrc/3DxSNAxisDemo-Info.plist";
				INSTALL_PATH = "$(HOME)/Applications";
				OTHER_LDFLAGS = (
					"-weak_framework",
					3DConnexionClient,
				);
				PRODUCT_BUNDLE_IDENTIFIER = com.3dconnexion.3DxSNAxisDemo;
				PRODUCT_NAME = 3DxSNAxisDemo;
				SDKROOT = "$(inherited)";
			};
			name = Release;
		};
		C01FCF4F08A954540054247B /* Debug */ = {
			isa = XCBuildConfiguration;
			baseConfigurationReference = 8358DFE31FED46AE005CD7BA /* Default.xcconfig */;
			buildSettings = {
				CLANG_ANALYZER_LOCALIZABILITY_NONLOCALIZED = YES;
				CLANG_LINK_OBJC_RUNTIME = NO;
				CLANG_WARN_BLOCK_CAPTURE_AUTORELEASING = YES;
				CLANG_WARN_BOOL_CONVERSION = YES;
				CLANG_WARN_COMMA = YES;
				CLANG_WARN_CONSTANT_CONVERSION = YES;
				CLANG_WARN_DEPRECATED_OBJC_IMPLEMENTATIONS = YES;
				CLANG_WARN_EMPTY_BODY = YES;
				CLANG_WARN_ENUM_CONVERSION = YES;
				CLANG_WARN_INFINITE_RECURSION = YES;
				CLANG_WARN_INT_CONVERSION = YES;
				CLANG_WARN_NON_LITERAL_NULL_CONVERSION = YES;
				CLANG_WARN_OBJC_IMPLICIT_RETAIN_SELF = YES;
				CLANG_WARN_OBJC_LITERAL_CONVERSION = YES;
				CLANG_WARN_RANGE_LOOP_ANALYSIS = YES;
				CLANG_WARN_STRICT_PROTOTYPES = YES;
				CLANG_WARN_SUSPICIOUS_MOVE = YES;
				CLANG_WARN_UNREACHABLE_CODE = YES;
				CLANG_WARN__DUPLICATE_METHOD_MATCH = YES;
				ENABLE_STRICT_OBJC_MSGSEND = YES;
				ENABLE_TESTABILITY = YES;
				FRAMEWORK_SEARCH_PATHS = (
					"${TDCONNEXION_RELEASES}/3dxwaremac/${TDXWAREMAC_FRAMEWORK_VER}",
					/Library/Frameworks,
				);
				GCC_C_LANGUAGE_STANDARD = gnu99;
				GCC_NO_COMMON_BLOCKS = YES;
				GCC_OPTIMIZATION_LEVEL = 0;
				GCC_WARN_64_TO_32_BIT_CONVERSION = YES;
				GCC_WARN_ABOUT_RETURN_TYPE = YES;
				GCC_WARN_UNDECLARED_SELECTOR = YES;
				GCC_WARN_UNINITIALIZED_AUTOS = YES;
				GCC_WARN_UNUSED_FUNCTION = YES;
				GCC_WARN_UNUSED_VARIABLE = YES;
				INFOPLIST_PREFIX_HEADER = InfoPlist.h;
				INFOPLIST_PREPROCESS = YES;
				MACOSX_DEPLOYMENT_TARGET = 10.9;
				ONLY_ACTIVE_ARCH = YES;
				SDKROOT = macosx;
				VALID_ARCHS = x86_64;
			};
			name = Debug;
		};
		C01FCF5008A954540054247B /* Release */ = {
			isa = XCBuildConfiguration;
			baseConfigurationReference = 8358DFE31FED46AE005CD7BA /* Default.xcconfig */;
			buildSettings = {
				CLANG_ANALYZER_LOCALIZABILITY_NONLOCALIZED = YES;
				CLANG_LINK_OBJC_RUNTIME = NO;
				CLANG_WARN_BLOCK_CAPTURE_AUTORELEASING = YES;
				CLANG_WARN_BOOL_CONVERSION = YES;
				CLANG_WARN_COMMA = YES;
				CLANG_WARN_CONSTANT_CONVERSION = YES;
				CLANG_WARN_DEPRECATED_OBJC_IMPLEMENTATIONS = YES;
				CLANG_WARN_EMPTY_BODY = YES;
				CLANG_WARN_ENUM_CONVERSION = YES;
				CLANG_WARN_INFINITE_RECURSION = YES;
				CLANG_WARN_INT_CONVERSION = YES;
				CLANG_WARN_NON_LITERAL_NULL_CONVERSION = YES;
				CLANG_WARN_OBJC_IMPLICIT_RETAIN_SELF = YES;
				CLANG_WARN_OBJC_LITERAL_CONVERSION = YES;
				CLANG_WARN_RANGE_LOOP_ANALYSIS = YES;
				CLANG_WARN_STRICT_PROTOTYPES = YES;
				CLANG_WARN_SUSPICIOUS_MOVE = YES;
				CLANG_WARN_UNREACHABLE_CODE = YES;
				CLANG_WARN__DUPLICATE_METHOD_MATCH = YES;
				ENABLE_STRICT_OBJC_MSGSEND = YES;
				FRAMEWORK_SEARCH_PATHS = (
					"${TDCONNEXION_RELEASES}/3dxwaremac/${TDXWAREMAC_FRAMEWORK_VER}",
					/Library/Frameworks,
				);
				GCC_C_LANGUAGE_STANDARD = gnu99;
				GCC_NO_COMMON_BLOCKS = YES;
				GCC_WARN_64_TO_32_BIT_CONVERSION = YES;
				GCC_WARN_ABOUT_RETURN_TYPE = YES;
				GCC_WARN_UNDECLARED_SELECTOR = YES;
				GCC_WARN_UNINITIALIZED_AUTOS = YES;
				GCC_WARN_UNUSED_FUNCTION = YES;
				GCC_WARN_UNUSED_VARIABLE = YES;
				INFOPLIST_PREFIX_HEADER = InfoPlist.h;
				INFOPLIST_PREPROCESS = YES;
				MACOSX_DEPLOYMENT_TARGET = 10.9;
				SDKROOT = macosx;
				VALID_ARCHS = x86_64;
			};
			name = Release;
		};
/* End XCBuildConfiguration section */

/* Begin XCConfigurationList section */
		8354F87915FF8226005E7B17 /* Build configuration list for PBXAggregateTarget "Versioning" */ = {
			isa = XCConfigurationList;
			buildConfigurations = (
				8354F87715FF8219005E7B17 /* Debug */,
				8354F87815FF8219005E7B17 /* Release */,
			);
			defaultConfigurationIsVisible = 0;
			defaultConfigurationName = Release;
		};
		83D9E3281601D97C00F8214B /* Build configuration list for PBXNativeTarget "3DxSNAxisDemo" */ = {
			isa = XCConfigurationList;
			buildConfigurations = (
				83D9E3291601D97C00F8214B /* Debug */,
				83D9E32A1601D97C00F8214B /* Release */,
			);
			defaultConfigurationIsVisible = 0;
			defaultConfigurationName = Release;
		};
		C01FCF4E08A954540054247B /* Build configuration list for PBXProject "3DxSNAxisDemo" */ = {
			isa = XCConfigurationList;
			buildConfigurations = (
				C01FCF4F08A954540054247B /* Debug */,
				C01FCF5008A954540054247B /* Release */,
			);
			defaultConfigurationIsVisible = 0;
			defaultConfigurationName = Release;
		};
/* End XCConfigurationList section */
	};
	rootObject = 29B97313FDCFA39411CA2CEA /* Project object */;
}
